Microsoft Visual Studio Solution File, Format Version 12.00
# Visual Studio Version 17
VisualStudioVersion = 17.5.2.0
MinimumVisualStudioVersion = 10.0.40219.1
Project("{FAE04EC0-301F-11D3-BF4B-00C04F79EFBC}") = "Peeper", "Peeper.csproj", "{DE2852BC-4F2E-B259-C4ED-1DAAF9801AB9}"
EndProject
Global
	GlobalSection(SolutionConfigurationPlatforms) = preSolution
		Debug|Any CPU = Debug|Any CPU
		Release|Any CPU = Release|Any CPU
	EndGlobalSection
	GlobalSection(ProjectConfigurationPlatforms) = postSolution
		{DE2852BC-4F2E-B259-C4ED-1DAAF9801AB9}.Debug|Any CPU.ActiveCfg = Debug|Any CPU
		{DE2852BC-4F2E-B259-C4ED-1DAAF9801AB9}.Debug|Any CPU.Build.0 = Debug|Any CPU
		{DE2852BC-4F2E-B259-C4ED-1DAAF9801AB9}.Release|Any CPU.ActiveCfg = Release|Any CPU
		{DE2852BC-4F2E-B259-C4ED-1DAAF9801AB9}.Release|Any CPU.Build.0 = Release|Any CPU
	EndGlobalSection
	GlobalSection(SolutionProperties) = preSolution
		HideSolutionNode = FALSE
	EndGlobalSection
	GlobalSection(ExtensibilityGlobals) = postSolution
		SolutionGuid = {8E50491B-E28C-4B23-BB69-B32584CDD0BD}
	EndGlobalSection
EndGlobal
